{
  "name": "motion-force2",
  "lockfileVersion": 2,
  "requires": true,
  "packages": {
    "": {
      "dependencies": {
        "ckeditor4": "github:ckeditor/ckeditor4-releases#full/latest"
      }
    },
    "node_modules/ckeditor4": {
      "version": "4.20.0",
      "resolved": "git+ssh://git@github.com/ckeditor/ckeditor4-releases.git#27a350c195e13ff9f86d9eca7d03fec5a0acb045",
      "license": "(GPL-2.0 OR LGPL-2.1 OR MPL-1.1)"
    }
  },
  "dependencies": {
    "ckeditor4": {
      "version": "git+ssh://git@github.com/ckeditor/ckeditor4-releases.git#27a350c195e13ff9f86d9eca7d03fec5a0acb045",
      "from": "ckeditor4@github:ckeditor/ckeditor4-releases#full/latest"
    }
  }
}
